
Microsoft Visual Studio Solution File, Format Version 12.00
# Visual Studio Version 17
VisualStudioVersion = 17.11.35327.3
MinimumVisualStudioVersion = 10.0.40219.1
Project("{FAE04EC0-301F-11D3-BF4B-00C04F79EFBC}") = "pushgame", "WindowsFormsApp1\pushgame.csproj", "{FF67833E-42C2-4B4E-B1DF-6E3CFDDBFB7C}"
EndProject
Global
	GlobalSection(SolutionConfigurationPlatforms) = preSolution
		Debug|Any CPU = Debug|Any CPU
		Release|Any CPU = Release|Any CPU
	EndGlobalSection
	GlobalSection(ProjectConfigurationPlatforms) = postSolution
		{FF67833E-42C2-4B4E-B1DF-6E3CFDDBFB7C}.Debug|Any CPU.ActiveCfg = Debug|Any CPU
		{FF67833E-42C2-4B4E-B1DF-6E3CFDDBFB7C}.Debug|Any CPU.Build.0 = Debug|Any CPU
		{FF67833E-42C2-4B4E-B1DF-6E3CFDDBFB7C}.Release|Any CPU.ActiveCfg = Release|Any CPU
		{FF67833E-42C2-4B4E-B1DF-6E3CFDDBFB7C}.Release|Any CPU.Build.0 = Release|Any CPU
	EndGlobalSection
	GlobalSection(SolutionProperties) = preSolution
		HideSolutionNode = FALSE
	EndGlobalSection
	GlobalSection(ExtensibilityGlobals) = postSolution
		SolutionGuid = {4ED14624-7731-44D3-A571-6270F3E01FD6}
	EndGlobalSection
EndGlobal
